<?xml version="1.0" encoding="utf-8"?>
<Project ToolsVersion="4.0" xmlns="http://schemas.microsoft.com/developer/msbuild/2003">
  <ItemGroup>
    <Filter Include="Src">
      <UniqueIdentifier>{c6bf44c3-d5d2-4a99-8166-acc6135e4b90}</UniqueIdentifier>
    </Filter>
    <Filter Include="Api">
      <UniqueIdentifier>{958958c2-e6e3-421c-84d7-8aad7055dcce}</UniqueIdentifier>
    </Filter>
    <Filter Include="Res">
      <UniqueIdentifier>{8e7d81ff-e5c7-45e1-b004-ded57adcfbfc}</UniqueIdentifier>
    </Filter>
    <Filter Include="stdafx">
      <UniqueIdentifier>{25d9e196-942c-4b00-9df1-6265d0af03e0}</UniqueIdentifier>
    </Filter>
  </ItemGroup>
  <ItemGroup>
    <None Include="..\..\..\..\Source\Component\WindowComponent\Res\WindowComponent.rc2">
      <Filter>Res</Filter>
    </None>
  </ItemGroup>
  <ItemGroup>
    <ClInclude Include="..\..\..\..\Source\Component\WindowComponent\Src\Resource.h">
      <Filter>Src</Filter>
    </ClInclude>
    <ClInclude Include="..\..\..\..\Source\Component\WindowComponent\Src\WindowComponent.h">
      <Filter>Src</Filter>
    </ClInclude>
    <ClInclude Include="stdafx.h">
      <Filter>stdafx</Filter>
    </ClInclude>
    <ClInclude Include="targetver.h">
      <Filter>stdafx</Filter>
    </ClInclude>
  </ItemGroup>
  <ItemGroup>
    <ClCompile Include="..\..\..\..\Source\Component\WindowComponent\Src\WindowComponent.cpp">
      <Filter>Src</Filter>
    </ClCompile>
    <ClCompile Include="stdafx.cpp">
      <Filter>stdafx</Filter>
    </ClCompile>
  </ItemGroup>
  <ItemGroup>
    <ResourceCompile Include="..\..\..\..\Source\Component\WindowComponent\Res\WindowComponent.rc">
      <Filter>Res</Filter>
    </ResourceCompile>
  </ItemGroup>
</Project>